
Microsoft Visual Studio Solution File, Format Version 12.00
# Visual Studio Version 17
VisualStudioVersion = 17.0.32014.148
MinimumVisualStudioVersion = 10.0.40219.1
Project("{FAE04EC0-301F-11D3-BF4B-00C04F79EFBC}") = "Techics", "Techics.csproj", "{97C2B8CB-2594-4578-81A1-EC1DF74C50FF}"
EndProject
Global
	GlobalSection(SolutionConfigurationPlatforms) = preSolution
		Debug|Any CPU = Debug|Any CPU
		Release|Any CPU = Release|Any CPU
	EndGlobalSection
	GlobalSection(ProjectConfigurationPlatforms) = postSolution
		{97C2B8CB-2594-4578-81A1-EC1DF74C50FF}.Debug|Any CPU.ActiveCfg = Debug|Any CPU
		{97C2B8CB-2594-4578-81A1-EC1DF74C50FF}.Debug|Any CPU.Build.0 = Debug|Any CPU
		{97C2B8CB-2594-4578-81A1-EC1DF74C50FF}.Release|Any CPU.ActiveCfg = Release|Any CPU
		{97C2B8CB-2594-4578-81A1-EC1DF74C50FF}.Release|Any CPU.Build.0 = Release|Any CPU
	EndGlobalSection
	GlobalSection(SolutionProperties) = preSolution
		HideSolutionNode = FALSE
	EndGlobalSection
	GlobalSection(ExtensibilityGlobals) = postSolution
		SolutionGuid = {974F4BCE-80FA-4F5D-9E6C-6C58E4919CB9}
	EndGlobalSection
EndGlobal
